// !$*UTF8*$!
{
	archiveVersion = 1;
	classes = {
	};
	objectVersion = 56;
	objects = {

/* Begin PBXBuildFile section */
		5AA391F72B3B45A1005C1171 /* DragGestureBootcamp.swift in Sources */ = {isa = PBXBuildFile; fileRef = 5AA391F62B3B45A1005C1171 /* DragGestureBootcamp.swift */; };
		5AA391F92B3B468E005C1171 /* DragGestureBootcamp2.swift in Sources */ = {isa = PBXBuildFile; fileRef = 5AA391F82B3B468E005C1171 /* DragGestureBootcamp2.swift */; };
		5AA391FB2B3B512D005C1171 /* ScrollViewReaderBootcamp.swift in Sources */ = {isa = PBXBuildFile; fileRef = 5AA391FA2B3B512D005C1171 /* ScrollViewReaderBootcamp.swift */; };
		5AE2939F2B3B06410081299B /* SwiftUIThinkingContinuedLearningApp.swift in Sources */ = {isa = PBXBuildFile; fileRef = 5AE2939E2B3B06410081299B /* SwiftUIThinkingContinuedLearningApp.swift */; };
		5AE293A12B3B06410081299B /* ContentView.swift in Sources */ = {isa = PBXBuildFile; fileRef = 5AE293A02B3B06410081299B /* ContentView.swift */; };
		5AE293A32B3B06470081299B /* Assets.xcassets in Resources */ = {isa = PBXBuildFile; fileRef = 5AE293A22B3B06470081299B /* Assets.xcassets */; };
		5AE293A62B3B06470081299B /* Preview Assets.xcassets in Resources */ = {isa = PBXBuildFile; fileRef = 5AE293A52B3B06470081299B /* Preview Assets.xcassets */; };
		5AE293AD2B3B07030081299B /* LongPressGestureBootcamp.swift in Sources */ = {isa = PBXBuildFile; fileRef = 5AE293AC2B3B07030081299B /* LongPressGestureBootcamp.swift */; };
		5AE293AF2B3B0C220081299B /* MagnificationGestureBootcamp.swift in Sources */ = {isa = PBXBuildFile; fileRef = 5AE293AE2B3B0C220081299B /* MagnificationGestureBootcamp.swift */; };
		5AE293B12B3B0CAC0081299B /* RotationGestureBootcamp.swift in Sources */ = {isa = PBXBuildFile; fileRef = 5AE293B02B3B0CAC0081299B /* RotationGestureBootcamp.swift */; };
/* End PBXBuildFile section */

/* Begin PBXFileReference section */
		5AA391F62B3B45A1005C1171 /* DragGestureBootcamp.swift */ = {isa = PBXFileReference; lastKnownFileType = sourcecode.swift; path = DragGestureBootcamp.swift; sourceTree = "<group>"; };
		5AA391F82B3B468E005C1171 /* DragGestureBootcamp2.swift */ = {isa = PBXFileReference; lastKnownFileType = sourcecode.swift; path = DragGestureBootcamp2.swift; sourceTree = "<group>"; };
		5AA391FA2B3B512D005C1171 /* ScrollViewReaderBootcamp.swift */ = {isa = PBXFileReference; lastKnownFileType = sourcecode.swift; path = ScrollViewReaderBootcamp.swift; sourceTree = "<group>"; };
		5AE2939B2B3B06410081299B /* SwiftUIThinkingContinuedLearning.app */ = {isa = PBXFileReference; explicitFileType = wrapper.application; includeInIndex = 0; path = SwiftUIThinkingContinuedLearning.app; sourceTree = BUILT_PRODUCTS_DIR; };
		5AE2939E2B3B06410081299B /* SwiftUIThinkingContinuedLearningApp.swift */ = {isa = PBXFileReference; lastKnownFileType = sourcecode.swift; path = SwiftUIThinkingContinuedLearningApp.swift; sourceTree = "<group>"; };
		5AE293A02B3B06410081299B /* ContentView.swift */ = {isa = PBXFileReference; lastKnownFileType = sourcecode.swift; path = ContentView.swift; sourceTree = "<group>"; };
		5AE293A22B3B06470081299B /* Assets.xcassets */ = {isa = PBXFileReference; lastKnownFileType = folder.assetcatalog; path = Assets.xcassets; sourceTree = "<group>"; };
		5AE293A52B3B06470081299B /* Preview Assets.xcassets */ = {isa = PBXFileReference; lastKnownFileType = folder.assetcatalog; path = "Preview Assets.xcassets"; sourceTree = "<group>"; };
		5AE293AC2B3B07030081299B /* LongPressGestureBootcamp.swift */ = {isa = PBXFileReference; lastKnownFileType = sourcecode.swift; path = LongPressGestureBootcamp.swift; sourceTree = "<group>"; };
		5AE293AE2B3B0C220081299B /* MagnificationGestureBootcamp.swift */ = {isa = PBXFileReference; lastKnownFileType = sourcecode.swift; path = MagnificationGestureBootcamp.swift; sourceTree = "<group>"; };
		5AE293B02B3B0CAC0081299B /* RotationGestureBootcamp.swift */ = {isa = PBXFileReference; lastKnownFileType = sourcecode.swift; path = RotationGestureBootcamp.swift; sourceTree = "<group>"; };
/* End PBXFileReference section */

/* Begin PBXFrameworksBuildPhase section */
		5AE293982B3B06410081299B /* Frameworks */ = {
			isa = PBXFrameworksBuildPhase;
			buildActionMask = 2147483647;
			files = (
			);
			runOnlyForDeploymentPostprocessing = 0;
		};
/* End PBXFrameworksBuildPhase section */

/* Begin PBXGroup section */
		5AE293922B3B06410081299B = {
			isa = PBXGroup;
			children = (
				5AE2939D2B3B06410081299B /* SwiftUIThinkingContinuedLearning */,
				5AE2939C2B3B06410081299B /* Products */,
			);
			sourceTree = "<group>";
		};
		5AE2939C2B3B06410081299B /* Products */ = {
			isa = PBXGroup;
			children = (
				5AE2939B2B3B06410081299B /* SwiftUIThinkingContinuedLearning.app */,
			);
			name = Products;
			sourceTree = "<group>";
		};
		5AE2939D2B3B06410081299B /* SwiftUIThinkingContinuedLearning */ = {
			isa = PBXGroup;
			children = (
				5AE2939E2B3B06410081299B /* SwiftUIThinkingContinuedLearningApp.swift */,
				5AE293A02B3B06410081299B /* ContentView.swift */,
				5AE293AC2B3B07030081299B /* LongPressGestureBootcamp.swift */,
				5AE293AE2B3B0C220081299B /* MagnificationGestureBootcamp.swift */,
				5AE293B02B3B0CAC0081299B /* RotationGestureBootcamp.swift */,
				5AA391F62B3B45A1005C1171 /* DragGestureBootcamp.swift */,
				5AA391F82B3B468E005C1171 /* DragGestureBootcamp2.swift */,
				5AA391FA2B3B512D005C1171 /* ScrollViewReaderBootcamp.swift */,
				5AE293A22B3B06470081299B /* Assets.xcassets */,
				5AE293A42B3B06470081299B /* Preview Content */,
			);
			path = SwiftUIThinkingContinuedLearning;
			sourceTree = "<group>";
		};
		5AE293A42B3B06470081299B /* Preview Content */ = {
			isa = PBXGroup;
			children = (
				5AE293A52B3B06470081299B /* Preview Assets.xcassets */,
			);
			path = "Preview Content";
			sourceTree = "<group>";
		};
/* End PBXGroup section */

/* Begin PBXNativeTarget section */
		5AE2939A2B3B06410081299B /* SwiftUIThinkingContinuedLearning */ = {
			isa = PBXNativeTarget;
			buildConfigurationList = 5AE293A92B3B06470081299B /* Build configuration list for PBXNativeTarget "SwiftUIThinkingContinuedLearning" */;
			buildPhases = (
				5AE293972B3B06410081299B /* Sources */,
				5AE293982B3B06410081299B /* Frameworks */,
				5AE293992B3B06410081299B /* Resources */,
			);
			buildRules = (
			);
			dependencies = (
			);
			name = SwiftUIThinkingContinuedLearning;
			productName = SwiftUIThinkingContinuedLearning;
			productReference = 5AE2939B2B3B06410081299B /* SwiftUIThinkingContinuedLearning.app */;
			productType = "com.apple.product-type.application";
		};
/* End PBXNativeTarget section */

/* Begin PBXProject section */
		5AE293932B3B06410081299B /* Project object */ = {
			isa = PBXProject;
			attributes = {
				BuildIndependentTargetsInParallel = 1;
				LastSwiftUpdateCheck = 1510;
				LastUpgradeCheck = 1510;
				TargetAttributes = {
					5AE2939A2B3B06410081299B = {
						CreatedOnToolsVersion = 15.1;
					};
				};
			};
			buildConfigurationList = 5AE293962B3B06410081299B /* Build configuration list for PBXProject "SwiftUIThinkingContinuedLearning" */;
			compatibilityVersion = "Xcode 14.0";
			developmentRegion = en;
			hasScannedForEncodings = 0;
			knownRegions = (
				en,
				Base,
			);
			mainGroup = 5AE293922B3B06410081299B;
			productRefGroup = 5AE2939C2B3B06410081299B /* Products */;
			projectDirPath = "";
			projectRoot = "";
			targets = (
				5AE2939A2B3B06410081299B /* SwiftUIThinkingContinuedLearning */,
			);
		};
/* End PBXProject section */

/* Begin PBXResourcesBuildPhase section */
		5AE293992B3B06410081299B /* Resources */ = {
			isa = PBXResourcesBuildPhase;
			buildActionMask = 2147483647;
			files = (
				5AE293A62B3B06470081299B /* Preview Assets.xcassets in Resources */,
				5AE293A32B3B06470081299B /* Assets.xcassets in Resources */,
			);
			runOnlyForDeploymentPostprocessing = 0;
		};
/* End PBXResourcesBuildPhase section */

/* Begin PBXSourcesBuildPhase section */
		5AE293972B3B06410081299B /* Sources */ = {
			isa = PBXSourcesBuildPhase;
			buildActionMask = 2147483647;
			files = (
				5AA391F92B3B468E005C1171 /* DragGestureBootcamp2.swift in Sources */,
				5AA391F72B3B45A1005C1171 /* DragGestureBootcamp.swift in Sources */,
				5AE293A12B3B06410081299B /* ContentView.swift in Sources */,
				5AA391FB2B3B512D005C1171 /* ScrollViewReaderBootcamp.swift in Sources */,
				5AE2939F2B3B06410081299B /* SwiftUIThinkingContinuedLearningApp.swift in Sources */,
				5AE293AF2B3B0C220081299B /* MagnificationGestureBootcamp.swift in Sources */,
				5AE293AD2B3B07030081299B /* LongPressGestureBootcamp.swift in Sources */,
				5AE293B12B3B0CAC0081299B /* RotationGestureBootcamp.swift in Sources */,
			);
			runOnlyForDeploymentPostprocessing = 0;
		};
/* End PBXSourcesBuildPhase section */

/* Begin XCBuildConfiguration section */
		5AE293A72B3B06470081299B /* Debug */ = {
			isa = XCBuildConfiguration;
			buildSettings = {
				ALWAYS_SEARCH_USER_PATHS = NO;
				ASSETCATALOG_COMPILER_GENERATE_SWIFT_ASSET_SYMBOL_EXTENSIONS = YES;
				CLANG_ANALYZER_NONNULL = YES;
				CLANG_ANALYZER_NUMBER_OBJECT_CONVERSION = YES_AGGRESSIVE;
				CLANG_CXX_LANGUAGE_STANDARD = "gnu++20";
				CLANG_ENABLE_MODULES = YES;
				CLANG_ENABLE_OBJC_ARC = YES;
				CLANG_ENABLE_OBJC_WEAK = YES;
				CLANG_WARN_BLOCK_CAPTURE_AUTORELEASING = YES;
				CLANG_WARN_BOOL_CONVERSION = YES;
				CLANG_WARN_COMMA = YES;
				CLANG_WARN_CONSTANT_CONVERSION = YES;
				CLANG_WARN_DEPRECATED_OBJC_IMPLEMENTATIONS = YES;
				CLANG_WARN_DIRECT_OBJC_ISA_USAGE = YES_ERROR;
				CLANG_WARN_DOCUMENTATION_COMMENTS = YES;
				CLANG_WARN_EMPTY_BODY = YES;
				CLANG_WARN_ENUM_CONVERSION = YES;
				CLANG_WARN_INFINITE_RECURSION = YES;
				CLANG_WARN_INT_CONVERSION = YES;
				CLANG_WARN_NON_LITERAL_NULL_CONVERSION = YES;
				CLANG_WARN_OBJC_IMPLICIT_RETAIN_SELF = YES;
				CLANG_WARN_OBJC_LITERAL_CONVERSION = YES;
				CLANG_WARN_OBJC_ROOT_CLASS = YES_ERROR;
				CLANG_WARN_QUOTED_INCLUDE_IN_FRAMEWORK_HEADER = YES;
				CLANG_WARN_RANGE_LOOP_ANALYSIS = YES;
				CLANG_WARN_STRICT_PROTOTYPES = YES;
				CLANG_WARN_SUSPICIOUS_MOVE = YES;
				CLANG_WARN_UNGUARDED_AVAILABILITY = YES_AGGRESSIVE;
				CLANG_WARN_UNREACHABLE_CODE = YES;
				CLANG_WARN__DUPLICATE_METHOD_MATCH = YES;
				COPY_PHASE_STRIP = NO;
				DEBUG_INFORMATION_FORMAT = dwarf;
				ENABLE_STRICT_OBJC_MSGSEND = YES;
				ENABLE_TESTABILITY = YES;
				ENABLE_USER_SCRIPT_SANDBOXING = YES;
				GCC_C_LANGUAGE_STANDARD = gnu17;
				GCC_DYNAMIC_NO_PIC = NO;
				GCC_NO_COMMON_BLOCKS = YES;
				GCC_OPTIMIZATION_LEVEL = 0;
				GCC_PREPROCESSOR_DEFINITIONS = (
					"DEBUG=1",
					"$(inherited)",
				);
				GCC_WARN_64_TO_32_BIT_CONVERSION = YES;
				GCC_WARN_ABOUT_RETURN_TYPE = YES_ERROR;
				GCC_WARN_UNDECLARED_SELECTOR = YES;
				GCC_WARN_UNINITIALIZED_AUTOS = YES_AGGRESSIVE;
				GCC_WARN_UNUSED_FUNCTION = YES;
				GCC_WARN_UNUSED_VARIABLE = YES;
				IPHONEOS_DEPLOYMENT_TARGET = 17.2;
				LOCALIZATION_PREFERS_STRING_CATALOGS = YES;
				MTL_ENABLE_DEBUG_INFO = INCLUDE_SOURCE;
				MTL_FAST_MATH = YES;
				ONLY_ACTIVE_ARCH = YES;
				SDKROOT = iphoneos;
				SWIFT_ACTIVE_COMPILATION_CONDITIONS = "DEBUG $(inherited)";
				SWIFT_OPTIMIZATION_LEVEL = "-Onone";
			};
			name = Debug;
		};
		5AE293A82B3B06470081299B /* Release */ = {
			isa = XCBuildConfiguration;
			buildSettings = {
				ALWAYS_SEARCH_USER_PATHS = NO;
				ASSETCATALOG_COMPILER_GENERATE_SWIFT_ASSET_SYMBOL_EXTENSIONS = YES;
				CLANG_ANALYZER_NONNULL = YES;
				CLANG_ANALYZER_NUMBER_OBJECT_CONVERSION = YES_AGGRESSIVE;
				CLANG_CXX_LANGUAGE_STANDARD = "gnu++20";
				CLANG_ENABLE_MODULES = YES;
				CLANG_ENABLE_OBJC_ARC = YES;
				CLANG_ENABLE_OBJC_WEAK = YES;
				CLANG_WARN_BLOCK_CAPTURE_AUTORELEASING = YES;
				CLANG_WARN_BOOL_CONVERSION = YES;
				CLANG_WARN_COMMA = YES;
				CLANG_WARN_CONSTANT_CONVERSION = YES;
				CLANG_WARN_DEPRECATED_OBJC_IMPLEMENTATIONS = YES;
				CLANG_WARN_DIRECT_OBJC_ISA_USAGE = YES_ERROR;
				CLANG_WARN_DOCUMENTATION_COMMENTS = YES;
				CLANG_WARN_EMPTY_BODY = YES;
				CLANG_WARN_ENUM_CONVERSION = YES;
				CLANG_WARN_INFINITE_RECURSION = YES;
				CLANG_WARN_INT_CONVERSION = YES;
				CLANG_WARN_NON_LITERAL_NULL_CONVERSION = YES;
				CLANG_WARN_OBJC_IMPLICIT_RETAIN_SELF = YES;
				CLANG_WARN_OBJC_LITERAL_CONVERSION = YES;
				CLANG_WARN_OBJC_ROOT_CLASS = YES_ERROR;
				CLANG_WARN_QUOTED_INCLUDE_IN_FRAMEWORK_HEADER = YES;
				CLANG_WARN_RANGE_LOOP_ANALYSIS = YES;
				CLANG_WARN_STRICT_PROTOTYPES = YES;
				CLANG_WARN_SUSPICIOUS_MOVE = YES;
				CLANG_WARN_UNGUARDED_AVAILABILITY = YES_AGGRESSIVE;
				CLANG_WARN_UNREACHABLE_CODE = YES;
				CLANG_WARN__DUPLICATE_METHOD_MATCH = YES;
				COPY_PHASE_STRIP = NO;
				DEBUG_INFORMATION_FORMAT = "dwarf-with-dsym";
				ENABLE_NS_ASSERTIONS = NO;
				ENABLE_STRICT_OBJC_MSGSEND = YES;
				ENABLE_USER_SCRIPT_SANDBOXING = YES;
				GCC_C_LANGUAGE_STANDARD = gnu17;
				GCC_NO_COMMON_BLOCKS = YES;
				GCC_WARN_64_TO_32_BIT_CONVERSION = YES;
				GCC_WARN_ABOUT_RETURN_TYPE = YES_ERROR;
				GCC_WARN_UNDECLARED_SELECTOR = YES;
				GCC_WARN_UNINITIALIZED_AUTOS = YES_AGGRESSIVE;
				GCC_WARN_UNUSED_FUNCTION = YES;
				GCC_WARN_UNUSED_VARIABLE = YES;
				IPHONEOS_DEPLOYMENT_TARGET = 17.2;
				LOCALIZATION_PREFERS_STRING_CATALOGS = YES;
				MTL_ENABLE_DEBUG_INFO = NO;
				MTL_FAST_MATH = YES;
				SDKROOT = iphoneos;
				SWIFT_COMPILATION_MODE = wholemodule;
				VALIDATE_PRODUCT = YES;
			};
			name = Release;
		};
		5AE293AA2B3B06470081299B /* Debug */ = {
			isa = XCBuildConfiguration;
			buildSettings = {
				ASSETCATALOG_COMPILER_APPICON_NAME = AppIcon;
				ASSETCATALOG_COMPILER_GLOBAL_ACCENT_COLOR_NAME = AccentColor;
				CODE_SIGN_STYLE = Automatic;
				CURRENT_PROJECT_VERSION = 1;
				DEVELOPMENT_ASSET_PATHS = "\"SwiftUIThinkingContinuedLearning/Preview Content\"";
				DEVELOPMENT_TEAM = BKNZ54W4AA;
				ENABLE_PREVIEWS = YES;
				GENERATE_INFOPLIST_FILE = YES;
				INFOPLIST_KEY_UIApplicationSceneManifest_Generation = YES;
				INFOPLIST_KEY_UIApplicationSupportsIndirectInputEvents = YES;
				INFOPLIST_KEY_UILaunchScreen_Generation = YES;
				INFOPLIST_KEY_UISupportedInterfaceOrientations_iPad = "UIInterfaceOrientationPortrait UIInterfaceOrientationPortraitUpsideDown UIInterfaceOrientationLandscapeLeft UIInterfaceOrientationLandscapeRight";
				INFOPLIST_KEY_UISupportedInterfaceOrientations_iPhone = "UIInterfaceOrientationPortrait UIInterfaceOrientationLandscapeLeft UIInterfaceOrientationLandscapeRight";
				LD_RUNPATH_SEARCH_PATHS = (
					"$(inherited)",
					"@executable_path/Frameworks",
				);
				MARKETING_VERSION = 1.0;
				PRODUCT_BUNDLE_IDENTIFIER = Yesso.SwiftUIThinkingContinuedLearning;
				PRODUCT_NAME = "$(TARGET_NAME)";
				SWIFT_EMIT_LOC_STRINGS = YES;
				SWIFT_VERSION = 5.0;
				TARGETED_DEVICE_FAMILY = "1,2";
			};
			name = Debug;
		};
		5AE293AB2B3B06470081299B /* Release */ = {
			isa = XCBuildConfiguration;
			buildSettings = {
				ASSETCATALOG_COMPILER_APPICON_NAME = AppIcon;
				ASSETCATALOG_COMPILER_GLOBAL_ACCENT_COLOR_NAME = AccentColor;
				CODE_SIGN_STYLE = Automatic;
				CURRENT_PROJECT_VERSION = 1;
				DEVELOPMENT_ASSET_PATHS = "\"SwiftUIThinkingContinuedLearning/Preview Content\"";
				DEVELOPMENT_TEAM = BKNZ54W4AA;
				ENABLE_PREVIEWS = YES;
				GENERATE_INFOPLIST_FILE = YES;
				INFOPLIST_KEY_UIApplicationSceneManifest_Generation = YES;
				INFOPLIST_KEY_UIApplicationSupportsIndirectInputEvents = YES;
				INFOPLIST_KEY_UILaunchScreen_Generation = YES;
				INFOPLIST_KEY_UISupportedInterfaceOrientations_iPad = "UIInterfaceOrientationPortrait UIInterfaceOrientationPortraitUpsideDown UIInterfaceOrientationLandscapeLeft UIInterfaceOrientationLandscapeRight";
				INFOPLIST_KEY_UISupportedInterfaceOrientations_iPhone = "UIInterfaceOrientationPortrait UIInterfaceOrientationLandscapeLeft UIInterfaceOrientationLandscapeRight";
				LD_RUNPATH_SEARCH_PATHS = (
					"$(inherited)",
					"@executable_path/Frameworks",
				);
				MARKETING_VERSION = 1.0;
				PRODUCT_BUNDLE_IDENTIFIER = Yesso.SwiftUIThinkingContinuedLearning;
				PRODUCT_NAME = "$(TARGET_NAME)";
				SWIFT_EMIT_LOC_STRINGS = YES;
				SWIFT_VERSION = 5.0;
				TARGETED_DEVICE_FAMILY = "1,2";
			};
			name = Release;
		};
/* End XCBuildConfiguration section */

/* Begin XCConfigurationList section */
		5AE293962B3B06410081299B /* Build configuration list for PBXProject "SwiftUIThinkingContinuedLearning" */ = {
			isa = XCConfigurationList;
			buildConfigurations = (
				5AE293A72B3B06470081299B /* Debug */,
				5AE293A82B3B06470081299B /* Release */,
			);
			defaultConfigurationIsVisible = 0;
			defaultConfigurationName = Release;
		};
		5AE293A92B3B06470081299B /* Build configuration list for PBXNativeTarget "SwiftUIThinkingContinuedLearning" */ = {
			isa = XCConfigurationList;
			buildConfigurations = (
				5AE293AA2B3B06470081299B /* Debug */,
				5AE293AB2B3B06470081299B /* Release */,
			);
			defaultConfigurationIsVisible = 0;
			defaultConfigurationName = Release;
		};
/* End XCConfigurationList section */
	};
	rootObject = 5AE293932B3B06410081299B /* Project object */;
}
